
Microsoft Visual Studio Solution File, Format Version 12.00
# Visual Studio Version 16
VisualStudioVersion = 16.0.30717.126
MinimumVisualStudioVersion = 10.0.40219.1
Project("{159641D6-6404-4A2A-AE62-294DE0FE8301}") = "Aproje017", "Aproje017.dtproj", "{DF7B8930-41B6-4210-95B1-D62E381A1CA7}"
EndProject
Global
	GlobalSection(SolutionConfigurationPlatforms) = preSolution
		Development|Default = Development|Default
	EndGlobalSection
	GlobalSection(ProjectConfigurationPlatforms) = postSolution
		{DF7B8930-41B6-4210-95B1-D62E381A1CA7}.Development|Default.ActiveCfg = Development
		{DF7B8930-41B6-4210-95B1-D62E381A1CA7}.Development|Default.Build.0 = Development
	EndGlobalSection
	GlobalSection(SolutionProperties) = preSolution
		HideSolutionNode = FALSE
	EndGlobalSection
	GlobalSection(ExtensibilityGlobals) = postSolution
		SolutionGuid = {E65CC7A0-0E02-473E-89AE-0368576C4B56}
	EndGlobalSection
EndGlobal
